
Microsoft Visual Studio Solution File, Format Version 12.00
# Visual Studio Version 16
VisualStudioVersion = 16.0.29926.136
MinimumVisualStudioVersion = 10.0.40219.1
Project("{FAE04EC0-301F-11D3-BF4B-00C04F79EFBC}") = "Project_WPF", "Project_WPF\Project_WPF.csproj", "{CF090688-A421-4DE8-A505-36E8787F4182}"
EndProject
Global
	GlobalSection(SolutionConfigurationPlatforms) = preSolution
		Debug|Any CPU = Debug|Any CPU
		Release|Any CPU = Release|Any CPU
	EndGlobalSection
	GlobalSection(ProjectConfigurationPlatforms) = postSolution
		{CF090688-A421-4DE8-A505-36E8787F4182}.Debug|Any CPU.ActiveCfg = Debug|Any CPU
		{CF090688-A421-4DE8-A505-36E8787F4182}.Debug|Any CPU.Build.0 = Debug|Any CPU
		{CF090688-A421-4DE8-A505-36E8787F4182}.Release|Any CPU.ActiveCfg = Release|Any CPU
		{CF090688-A421-4DE8-A505-36E8787F4182}.Release|Any CPU.Build.0 = Release|Any CPU
	EndGlobalSection
	GlobalSection(SolutionProperties) = preSolution
		HideSolutionNode = FALSE
	EndGlobalSection
	GlobalSection(ExtensibilityGlobals) = postSolution
		SolutionGuid = {F88A0752-344F-4C9D-8416-9D41B9D546EC}
	EndGlobalSection
EndGlobal
